{
  "version": 4,
  "terraform_version": "1.15.5",
  "serial": 3,
  "lineage": "1902e8f7-1e52-2cda-d74b-3ad6b3fd7f4b",
  "outputs": {},
  "resources": [
    {
      "mode": "managed",
      "type": "databricks_schema",
      "name": "mlops_schema",
      "provider": "provider[\"registry.terraform.io/databricks/databricks\"]",
      "instances": [
        {
          "schema_version": 0,
          "attributes": {
            "catalog_name": "workspace",
            "comment": "Schema gerenciado via Terraform para a esteira de MLOps - Prevenção BACEN",
            "force_destroy": false,
            "id": "workspace.bacen_mlops",
            "metastore_id": "c68427d0-ed75-4aa1-8ff2-c2a126313f52",
            "name": "bacen_mlops",
            "owner": "rpadolfo@gmail.com",
            "properties": null,
            "storage_root": null
          },
          "sensitive_attributes": [],
          "identity_schema_version": 0,
          "private": "bnVsbA=="
        }
      ]
    }
  ],
  "check_results": null
}
